
Microsoft Visual Studio Solution File, Format Version 12.00
# Visual Studio Version 17
VisualStudioVersion = 17.0.31903.59
MinimumVisualStudioVersion = 10.0.40219.1
Project("{FAE04EC0-301F-11D3-BF4B-00C04F79EFBC}") = "MyFirstWeb", "MyFirstWeb\MyFirstWeb.csproj", "{B15FA747-5810-4A8D-ABCB-D882DCD9319A}"
EndProject
Global
	GlobalSection(SolutionConfigurationPlatforms) = preSolution
		Debug|Any CPU = Debug|Any CPU
		Release|Any CPU = Release|Any CPU
	EndGlobalSection
	GlobalSection(ProjectConfigurationPlatforms) = postSolution
		{B15FA747-5810-4A8D-ABCB-D882DCD9319A}.Debug|Any CPU.ActiveCfg = Debug|Any CPU
		{B15FA747-5810-4A8D-ABCB-D882DCD9319A}.Debug|Any CPU.Build.0 = Debug|Any CPU
		{B15FA747-5810-4A8D-ABCB-D882DCD9319A}.Release|Any CPU.ActiveCfg = Release|Any CPU
		{B15FA747-5810-4A8D-ABCB-D882DCD9319A}.Release|Any CPU.Build.0 = Release|Any CPU
	EndGlobalSection
	GlobalSection(SolutionProperties) = preSolution
		HideSolutionNode = FALSE
	EndGlobalSection
	GlobalSection(ExtensibilityGlobals) = postSolution
		SolutionGuid = {35F55F17-ADFF-48E9-864F-CCC7CFDE852C}
	EndGlobalSection
EndGlobal
